{
  "name": "firsr-work",
  "version": "1.0.0",
  "lockfileVersion": 2,
  "requires": true,
  "packages": {
    "": {
      "name": "firsr-work",
      "version": "1.0.0",
      "license": "ISC",
      "dependencies": {
        "mathjs": "^11.8.2"
      }
    },
    "node_modules/@babel/runtime": {
      "version": "7.22.5",
      "license": "MIT",
      "dependencies": {
        "regenerator-runtime": "^0.13.11"
      },
      "engines": {
        "node": ">=6.9.0"
      }
    },
    "node_modules/complex.js": {
      "version": "2.1.1",
      "license": "MIT",
      "engines": {
        "node": "*"
      },
      "funding": {
        "type": "patreon",
        "url": "https://www.patreon.com/infusion"
      }
    },
    "node_modules/decimal.js": {
      "version": "10.4.3",
      "license": "MIT"
    },
    "node_modules/escape-latex": {
      "version": "1.2.0",
      "license": "MIT"
    },
    "node_modules/fraction.js": {
      "version": "4.2.0",
      "license": "MIT",
      "engines": {
        "node": "*"
      },
      "funding": {
        "type": "patreon",
        "url": "https://www.patreon.com/infusion"
      }
    },
    "node_modules/javascript-natural-sort": {
      "version": "0.7.1",
      "license": "MIT"
    },
    "node_modules/mathjs": {
      "version": "11.8.2",
      "resolved": "https://registry.npmjs.org/mathjs/-/mathjs-11.8.2.tgz",
      "integrity": "sha512-ZePu0oDbM0vuFExikIMY/9syjo/jbgNbX6ti+iMdaALDuxciMCsXIslGDBEn7QCpCWYBiVCYmc0lsmk5bwHBdQ==",
      "dependencies": {
        "@babel/runtime": "^7.22.5",
        "complex.js": "^2.1.1",
        "decimal.js": "^10.4.3",
        "escape-latex": "^1.2.0",
        "fraction.js": "^4.2.0",
        "javascript-natural-sort": "^0.7.1",
        "seedrandom": "^3.0.5",
        "tiny-emitter": "^2.1.0",
        "typed-function": "^4.1.0"
      },
      "bin": {
        "mathjs": "bin/cli.js"
      },
      "engines": {
        "node": ">= 14"
      }
    },
    "node_modules/regenerator-runtime": {
      "version": "0.13.11",
      "license": "MIT"
    },
    "node_modules/seedrandom": {
      "version": "3.0.5",
      "license": "MIT"
    },
    "node_modules/tiny-emitter": {
      "version": "2.1.0",
      "license": "MIT"
    },
    "node_modules/typed-function": {
      "version": "4.1.0",
      "engines": {
        "node": ">= 14"
      }
    }
  },
  "dependencies": {
    "@babel/runtime": {
      "version": "7.22.5",
      "requires": {
        "regenerator-runtime": "^0.13.11"
      }
    },
    "complex.js": {
      "version": "2.1.1"
    },
    "decimal.js": {
      "version": "10.4.3"
    },
    "escape-latex": {
      "version": "1.2.0"
    },
    "fraction.js": {
      "version": "4.2.0"
    },
    "javascript-natural-sort": {
      "version": "0.7.1"
    },
    "mathjs": {
      "version": "11.8.2",
      "resolved": "https://registry.npmjs.org/mathjs/-/mathjs-11.8.2.tgz",
      "integrity": "sha512-ZePu0oDbM0vuFExikIMY/9syjo/jbgNbX6ti+iMdaALDuxciMCsXIslGDBEn7QCpCWYBiVCYmc0lsmk5bwHBdQ==",
      "requires": {
        "@babel/runtime": "^7.22.5",
        "complex.js": "^2.1.1",
        "decimal.js": "^10.4.3",
        "escape-latex": "^1.2.0",
        "fraction.js": "^4.2.0",
        "javascript-natural-sort": "^0.7.1",
        "seedrandom": "^3.0.5",
        "tiny-emitter": "^2.1.0",
        "typed-function": "^4.1.0"
      }
    },
    "regenerator-runtime": {
      "version": "0.13.11"
    },
    "seedrandom": {
      "version": "3.0.5"
    },
    "tiny-emitter": {
      "version": "2.1.0"
    },
    "typed-function": {
      "version": "4.1.0"
    }
  }
}
